// !$*UTF8*$!
{
	archiveVersion = 1;
	classes = {
	};
	objectVersion = 46;
	objects = {

/* Begin PBXBuildFile section */
		E35203D31C85555F00D25D0E /* PLYImage.cpp in Sources */ = {isa = PBXBuildFile; fileRef = E35203D21C85555F00D25D0E /* PLYImage.cpp */; };
		E377519B1C7805E7004A451F /* ARBFInterpolator.cpp in Sources */ = {isa = PBXBuildFile; fileRef = E37751951C7805E7004A451F /* ARBFInterpolator.cpp */; };
		E377519C1C7805E7004A451F /* Config.cpp in Sources */ = {isa = PBXBuildFile; fileRef = E37751961C7805E7004A451F /* Config.cpp */; };
		E377519D1C7805E7004A451F /* main.cpp in Sources */ = {isa = PBXBuildFile; fileRef = E37751971C7805E7004A451F /* main.cpp */; };
		E377519F1C7805E7004A451F /* PPMImage.cpp in Sources */ = {isa = PBXBuildFile; fileRef = E37751991C7805E7004A451F /* PPMImage.cpp */; };
		E37751A01C7805E7004A451F /* TriMesh.cpp in Sources */ = {isa = PBXBuildFile; fileRef = E377519A1C7805E7004A451F /* TriMesh.cpp */; };
/* End PBXBuildFile section */

/* Begin PBXCopyFilesBuildPhase section */
		E37751791C780474004A451F /* CopyFiles */ = {
			isa = PBXCopyFilesBuildPhase;
			buildActionMask = 2147483647;
			dstPath = /usr/share/man/man1/;
			dstSubfolderSpec = 0;
			files = (
			);
			runOnlyForDeploymentPostprocessing = 1;
		};
/* End PBXCopyFilesBuildPhase section */

/* Begin PBXFileReference section */
		E31194421C868FBC00C7F754 /* RawivImage.h */ = {isa = PBXFileReference; lastKnownFileType = sourcecode.c.h; path = RawivImage.h; sourceTree = "<group>"; };
		E31194431C868FDD00C7F754 /* RawivImage.cpp */ = {isa = PBXFileReference; fileEncoding = 4; lastKnownFileType = sourcecode.cpp.cpp; path = RawivImage.cpp; sourceTree = "<group>"; };
		E35203CF1C84EF0A00D25D0E /* tetrahedron.off */ = {isa = PBXFileReference; lastKnownFileType = text; path = tetrahedron.off; sourceTree = "<group>"; };
		E35203D01C85208B00D25D0E /* sample.ply */ = {isa = PBXFileReference; lastKnownFileType = text; path = sample.ply; sourceTree = "<group>"; };
		E35203D11C85469500D25D0E /* tetrahedron.tri */ = {isa = PBXFileReference; lastKnownFileType = text; path = tetrahedron.tri; sourceTree = "<group>"; };
		E35203D21C85555F00D25D0E /* PLYImage.cpp */ = {isa = PBXFileReference; fileEncoding = 4; lastKnownFileType = sourcecode.cpp.cpp; path = PLYImage.cpp; sourceTree = "<group>"; };
		E35203D41C85556600D25D0E /* PLYImage.h */ = {isa = PBXFileReference; lastKnownFileType = sourcecode.c.h; path = PLYImage.h; sourceTree = "<group>"; };
		E377517B1C780474004A451F /* arbf-test */ = {isa = PBXFileReference; explicitFileType = "compiled.mach-o.executable"; includeInIndex = 0; path = "arbf-test"; sourceTree = BUILT_PRODUCTS_DIR; };
		E377518D1C780530004A451F /* box.1.ele */ = {isa = PBXFileReference; lastKnownFileType = text; path = box.1.ele; sourceTree = "<group>"; };
		E377518E1C780530004A451F /* box.1.node */ = {isa = PBXFileReference; lastKnownFileType = text; path = box.1.node; sourceTree = "<group>"; };
		E377518F1C780530004A451F /* box.node */ = {isa = PBXFileReference; lastKnownFileType = text; path = box.node; sourceTree = "<group>"; };
		E37751901C7805E1004A451F /* ARBFInterpolator.h */ = {isa = PBXFileReference; lastKnownFileType = sourcecode.c.h; path = ARBFInterpolator.h; sourceTree = "<group>"; };
		E37751911C7805E1004A451F /* Common.h */ = {isa = PBXFileReference; lastKnownFileType = sourcecode.c.h; path = Common.h; sourceTree = "<group>"; };
		E37751921C7805E1004A451F /* Config.h */ = {isa = PBXFileReference; lastKnownFileType = sourcecode.c.h; path = Config.h; sourceTree = "<group>"; };
		E37751931C7805E1004A451F /* PPMImage.h */ = {isa = PBXFileReference; lastKnownFileType = sourcecode.c.h; path = PPMImage.h; sourceTree = "<group>"; };
		E37751941C7805E1004A451F /* TriMesh.h */ = {isa = PBXFileReference; lastKnownFileType = sourcecode.c.h; path = TriMesh.h; sourceTree = "<group>"; };
		E37751951C7805E7004A451F /* ARBFInterpolator.cpp */ = {isa = PBXFileReference; fileEncoding = 4; lastKnownFileType = sourcecode.cpp.cpp; path = ARBFInterpolator.cpp; sourceTree = "<group>"; };
		E37751961C7805E7004A451F /* Config.cpp */ = {isa = PBXFileReference; fileEncoding = 4; lastKnownFileType = sourcecode.cpp.cpp; path = Config.cpp; sourceTree = "<group>"; };
		E37751971C7805E7004A451F /* main.cpp */ = {isa = PBXFileReference; fileEncoding = 4; lastKnownFileType = sourcecode.cpp.cpp; path = main.cpp; sourceTree = "<group>"; };
		E37751981C7805E7004A451F /* mesh_parser.c */ = {isa = PBXFileReference; fileEncoding = 4; lastKnownFileType = sourcecode.c.c; path = mesh_parser.c; sourceTree = "<group>"; };
		E37751991C7805E7004A451F /* PPMImage.cpp */ = {isa = PBXFileReference; fileEncoding = 4; lastKnownFileType = sourcecode.cpp.cpp; path = PPMImage.cpp; sourceTree = "<group>"; };
		E377519A1C7805E7004A451F /* TriMesh.cpp */ = {isa = PBXFileReference; fileEncoding = 4; lastKnownFileType = sourcecode.cpp.cpp; path = TriMesh.cpp; sourceTree = "<group>"; };
		E37751A11C780C5E004A451F /* box.tri */ = {isa = PBXFileReference; lastKnownFileType = text; path = box.tri; sourceTree = "<group>"; };
/* End PBXFileReference section */

/* Begin PBXFrameworksBuildPhase section */
		E37751781C780474004A451F /* Frameworks */ = {
			isa = PBXFrameworksBuildPhase;
			buildActionMask = 2147483647;
			files = (
			);
			runOnlyForDeploymentPostprocessing = 0;
		};
/* End PBXFrameworksBuildPhase section */

/* Begin PBXGroup section */
		E37751721C780474004A451F = {
			isa = PBXGroup;
			children = (
				E37751851C7804EE004A451F /* arbf-test */,
				E377517C1C780474004A451F /* Products */,
			);
			sourceTree = "<group>";
		};
		E377517C1C780474004A451F /* Products */ = {
			isa = PBXGroup;
			children = (
				E377517B1C780474004A451F /* arbf-test */,
			);
			name = Products;
			sourceTree = "<group>";
		};
		E37751851C7804EE004A451F /* arbf-test */ = {
			isa = PBXGroup;
			children = (
				E377518C1C780530004A451F /* data */,
				E377518A1C780527004A451F /* include */,
				E377518B1C780527004A451F /* src */,
			);
			path = "arbf-test";
			sourceTree = "<group>";
		};
		E377518A1C780527004A451F /* include */ = {
			isa = PBXGroup;
			children = (
				E37751901C7805E1004A451F /* ARBFInterpolator.h */,
				E37751911C7805E1004A451F /* Common.h */,
				E37751921C7805E1004A451F /* Config.h */,
				E37751931C7805E1004A451F /* PPMImage.h */,
				E35203D41C85556600D25D0E /* PLYImage.h */,
				E31194421C868FBC00C7F754 /* RawivImage.h */,
				E37751941C7805E1004A451F /* TriMesh.h */,
			);
			path = include;
			sourceTree = "<group>";
		};
		E377518B1C780527004A451F /* src */ = {
			isa = PBXGroup;
			children = (
				E37751951C7805E7004A451F /* ARBFInterpolator.cpp */,
				E37751961C7805E7004A451F /* Config.cpp */,
				E37751971C7805E7004A451F /* main.cpp */,
				E37751981C7805E7004A451F /* mesh_parser.c */,
				E37751991C7805E7004A451F /* PPMImage.cpp */,
				E35203D21C85555F00D25D0E /* PLYImage.cpp */,
				E31194431C868FDD00C7F754 /* RawivImage.cpp */,
				E377519A1C7805E7004A451F /* TriMesh.cpp */,
			);
			path = src;
			sourceTree = "<group>";
		};
		E377518C1C780530004A451F /* data */ = {
			isa = PBXGroup;
			children = (
				E35203D01C85208B00D25D0E /* sample.ply */,
				E35203D11C85469500D25D0E /* tetrahedron.tri */,
				E35203CF1C84EF0A00D25D0E /* tetrahedron.off */,
				E37751A11C780C5E004A451F /* box.tri */,
				E377518D1C780530004A451F /* box.1.ele */,
				E377518E1C780530004A451F /* box.1.node */,
				E377518F1C780530004A451F /* box.node */,
			);
			path = data;
			sourceTree = "<group>";
		};
/* End PBXGroup section */

/* Begin PBXNativeTarget section */
		E377517A1C780474004A451F /* arbf-test */ = {
			isa = PBXNativeTarget;
			buildConfigurationList = E37751821C780474004A451F /* Build configuration list for PBXNativeTarget "arbf-test" */;
			buildPhases = (
				E37751771C780474004A451F /* Sources */,
				E37751781C780474004A451F /* Frameworks */,
				E37751791C780474004A451F /* CopyFiles */,
			);
			buildRules = (
			);
			dependencies = (
			);
			name = "arbf-test";
			productName = "arbf-test";
			productReference = E377517B1C780474004A451F /* arbf-test */;
			productType = "com.apple.product-type.tool";
		};
/* End PBXNativeTarget section */

/* Begin PBXProject section */
		E37751731C780474004A451F /* Project object */ = {
			isa = PBXProject;
			attributes = {
				LastUpgradeCheck = 0720;
				ORGANIZATIONNAME = "University of Wisconsin Milwaukee";
				TargetAttributes = {
					E377517A1C780474004A451F = {
						CreatedOnToolsVersion = 7.2.1;
					};
				};
			};
			buildConfigurationList = E37751761C780474004A451F /* Build configuration list for PBXProject "arbf-test" */;
			compatibilityVersion = "Xcode 3.2";
			developmentRegion = English;
			hasScannedForEncodings = 0;
			knownRegions = (
				en,
			);
			mainGroup = E37751721C780474004A451F;
			productRefGroup = E377517C1C780474004A451F /* Products */;
			projectDirPath = "";
			projectRoot = "";
			targets = (
				E377517A1C780474004A451F /* arbf-test */,
			);
		};
/* End PBXProject section */

/* Begin PBXSourcesBuildPhase section */
		E37751771C780474004A451F /* Sources */ = {
			isa = PBXSourcesBuildPhase;
			buildActionMask = 2147483647;
			files = (
				E377519B1C7805E7004A451F /* ARBFInterpolator.cpp in Sources */,
				E35203D31C85555F00D25D0E /* PLYImage.cpp in Sources */,
				E377519C1C7805E7004A451F /* Config.cpp in Sources */,
				E377519D1C7805E7004A451F /* main.cpp in Sources */,
				E37751A01C7805E7004A451F /* TriMesh.cpp in Sources */,
				E377519F1C7805E7004A451F /* PPMImage.cpp in Sources */,
			);
			runOnlyForDeploymentPostprocessing = 0;
		};
/* End PBXSourcesBuildPhase section */

/* Begin XCBuildConfiguration section */
		E37751801C780474004A451F /* Debug */ = {
			isa = XCBuildConfiguration;
			buildSettings = {
				ALWAYS_SEARCH_USER_PATHS = NO;
				CLANG_CXX_LANGUAGE_STANDARD = "gnu++0x";
				CLANG_CXX_LIBRARY = "libc++";
				CLANG_ENABLE_MODULES = YES;
				CLANG_ENABLE_OBJC_ARC = YES;
				CLANG_WARN_BOOL_CONVERSION = YES;
				CLANG_WARN_CONSTANT_CONVERSION = YES;
				CLANG_WARN_DIRECT_OBJC_ISA_USAGE = YES_ERROR;
				CLANG_WARN_EMPTY_BODY = YES;
				CLANG_WARN_ENUM_CONVERSION = YES;
				CLANG_WARN_INT_CONVERSION = YES;
				CLANG_WARN_OBJC_ROOT_CLASS = YES_ERROR;
				CLANG_WARN_UNREACHABLE_CODE = YES;
				CLANG_WARN__DUPLICATE_METHOD_MATCH = YES;
				CODE_SIGN_IDENTITY = "-";
				COPY_PHASE_STRIP = NO;
				DEBUG_INFORMATION_FORMAT = dwarf;
				ENABLE_STRICT_OBJC_MSGSEND = YES;
				ENABLE_TESTABILITY = YES;
				GCC_C_LANGUAGE_STANDARD = gnu99;
				GCC_DYNAMIC_NO_PIC = NO;
				GCC_NO_COMMON_BLOCKS = YES;
				GCC_OPTIMIZATION_LEVEL = 0;
				GCC_PREPROCESSOR_DEFINITIONS = (
					"DEBUG=1",
					"$(inherited)",
				);
				GCC_WARN_64_TO_32_BIT_CONVERSION = YES;
				GCC_WARN_ABOUT_RETURN_TYPE = YES_ERROR;
				GCC_WARN_UNDECLARED_SELECTOR = YES;
				GCC_WARN_UNINITIALIZED_AUTOS = YES_AGGRESSIVE;
				GCC_WARN_UNUSED_FUNCTION = YES;
				GCC_WARN_UNUSED_VARIABLE = YES;
				HEADER_SEARCH_PATHS = /opt/local/include;
				LIBRARY_SEARCH_PATHS = /opt/local/lib;
				MACOSX_DEPLOYMENT_TARGET = 10.11;
				MTL_ENABLE_DEBUG_INFO = YES;
				ONLY_ACTIVE_ARCH = YES;
				SDKROOT = macosx;
			};
			name = Debug;
		};
		E37751811C780474004A451F /* Release */ = {
			isa = XCBuildConfiguration;
			buildSettings = {
				ALWAYS_SEARCH_USER_PATHS = NO;
				CLANG_CXX_LANGUAGE_STANDARD = "gnu++0x";
				CLANG_CXX_LIBRARY = "libc++";
				CLANG_ENABLE_MODULES = YES;
				CLANG_ENABLE_OBJC_ARC = YES;
				CLANG_WARN_BOOL_CONVERSION = YES;
				CLANG_WARN_CONSTANT_CONVERSION = YES;
				CLANG_WARN_DIRECT_OBJC_ISA_USAGE = YES_ERROR;
				CLANG_WARN_EMPTY_BODY = YES;
				CLANG_WARN_ENUM_CONVERSION = YES;
				CLANG_WARN_INT_CONVERSION = YES;
				CLANG_WARN_OBJC_ROOT_CLASS = YES_ERROR;
				CLANG_WARN_UNREACHABLE_CODE = YES;
				CLANG_WARN__DUPLICATE_METHOD_MATCH = YES;
				CODE_SIGN_IDENTITY = "-";
				COPY_PHASE_STRIP = NO;
				DEBUG_INFORMATION_FORMAT = "dwarf-with-dsym";
				ENABLE_NS_ASSERTIONS = NO;
				ENABLE_STRICT_OBJC_MSGSEND = YES;
				GCC_C_LANGUAGE_STANDARD = gnu99;
				GCC_NO_COMMON_BLOCKS = YES;
				GCC_WARN_64_TO_32_BIT_CONVERSION = YES;
				GCC_WARN_ABOUT_RETURN_TYPE = YES_ERROR;
				GCC_WARN_UNDECLARED_SELECTOR = YES;
				GCC_WARN_UNINITIALIZED_AUTOS = YES_AGGRESSIVE;
				GCC_WARN_UNUSED_FUNCTION = YES;
				GCC_WARN_UNUSED_VARIABLE = YES;
				HEADER_SEARCH_PATHS = /opt/local/include;
				LIBRARY_SEARCH_PATHS = /opt/local/lib;
				MACOSX_DEPLOYMENT_TARGET = 10.11;
				MTL_ENABLE_DEBUG_INFO = NO;
				SDKROOT = macosx;
			};
			name = Release;
		};
		E37751831C780474004A451F /* Debug */ = {
			isa = XCBuildConfiguration;
			buildSettings = {
				PRODUCT_NAME = "$(TARGET_NAME)";
			};
			name = Debug;
		};
		E37751841C780474004A451F /* Release */ = {
			isa = XCBuildConfiguration;
			buildSettings = {
				PRODUCT_NAME = "$(TARGET_NAME)";
			};
			name = Release;
		};
/* End XCBuildConfiguration section */

/* Begin XCConfigurationList section */
		E37751761C780474004A451F /* Build configuration list for PBXProject "arbf-test" */ = {
			isa = XCConfigurationList;
			buildConfigurations = (
				E37751801C780474004A451F /* Debug */,
				E37751811C780474004A451F /* Release */,
			);
			defaultConfigurationIsVisible = 0;
			defaultConfigurationName = Release;
		};
		E37751821C780474004A451F /* Build configuration list for PBXNativeTarget "arbf-test" */ = {
			isa = XCConfigurationList;
			buildConfigurations = (
				E37751831C780474004A451F /* Debug */,
				E37751841C780474004A451F /* Release */,
			);
			defaultConfigurationIsVisible = 0;
			defaultConfigurationName = Release;
		};
/* End XCConfigurationList section */
	};
	rootObject = E37751731C780474004A451F /* Project object */;
}
